
Microsoft Visual Studio Solution File, Format Version 12.00
# Visual Studio Version 16
VisualStudioVersion = 16.0.31729.503
MinimumVisualStudioVersion = 10.0.40219.1
Project("{FAE04EC0-301F-11D3-BF4B-00C04F79EFBC}") = "WebApplication7", "WebApplication7\WebApplication7.csproj", "{35FA93CF-A9EC-43E9-8081-287B123A53BE}"
EndProject
Global
	GlobalSection(SolutionConfigurationPlatforms) = preSolution
		Debug|Any CPU = Debug|Any CPU
		Release|Any CPU = Release|Any CPU
	EndGlobalSection
	GlobalSection(ProjectConfigurationPlatforms) = postSolution
		{35FA93CF-A9EC-43E9-8081-287B123A53BE}.Debug|Any CPU.ActiveCfg = Debug|Any CPU
		{35FA93CF-A9EC-43E9-8081-287B123A53BE}.Debug|Any CPU.Build.0 = Debug|Any CPU
		{35FA93CF-A9EC-43E9-8081-287B123A53BE}.Release|Any CPU.ActiveCfg = Release|Any CPU
		{35FA93CF-A9EC-43E9-8081-287B123A53BE}.Release|Any CPU.Build.0 = Release|Any CPU
	EndGlobalSection
	GlobalSection(SolutionProperties) = preSolution
		HideSolutionNode = FALSE
	EndGlobalSection
	GlobalSection(ExtensibilityGlobals) = postSolution
		SolutionGuid = {23CBE26D-DF89-4A45-8EDE-8FA572287055}
	EndGlobalSection
EndGlobal
